
Microsoft Visual Studio Solution File, Format Version 12.00
# Visual Studio Version 16
VisualStudioVersion = 16.0.31205.134
MinimumVisualStudioVersion = 10.0.40219.1
Project("{9A19103F-16F7-4668-BE54-9A1E7A4F7556}") = "NScenario", "NScenario\NScenario.csproj", "{7A203DDB-C009-4DF7-90B4-99E08B2BF6F8}"
EndProject
Project("{9A19103F-16F7-4668-BE54-9A1E7A4F7556}") = "NScenario.Demo", "NScenario.Demo\NScenario.Demo.csproj", "{876814BE-F547-43C9-AB01-C79F2E17DE4A}"
EndProject
Project("{FAE04EC0-301F-11D3-BF4B-00C04F79EFBC}") = "NScenario.XUnitDemo", "NScenario.XUnitDemo\NScenario.XUnitDemo.csproj", "{7EE32AFF-6DE3-402D-9828-5A90BD903214}"
EndProject
Global
	GlobalSection(SolutionConfigurationPlatforms) = preSolution
		Debug|Any CPU = Debug|Any CPU
		Release|Any CPU = Release|Any CPU
	EndGlobalSection
	GlobalSection(ProjectConfigurationPlatforms) = postSolution
		{7A203DDB-C009-4DF7-90B4-99E08B2BF6F8}.Debug|Any CPU.ActiveCfg = Debug|Any CPU
		{7A203DDB-C009-4DF7-90B4-99E08B2BF6F8}.Debug|Any CPU.Build.0 = Debug|Any CPU
		{7A203DDB-C009-4DF7-90B4-99E08B2BF6F8}.Release|Any CPU.ActiveCfg = Release|Any CPU
		{7A203DDB-C009-4DF7-90B4-99E08B2BF6F8}.Release|Any CPU.Build.0 = Release|Any CPU
		{876814BE-F547-43C9-AB01-C79F2E17DE4A}.Debug|Any CPU.ActiveCfg = Debug|Any CPU
		{876814BE-F547-43C9-AB01-C79F2E17DE4A}.Debug|Any CPU.Build.0 = Debug|Any CPU
		{876814BE-F547-43C9-AB01-C79F2E17DE4A}.Release|Any CPU.ActiveCfg = Release|Any CPU
		{876814BE-F547-43C9-AB01-C79F2E17DE4A}.Release|Any CPU.Build.0 = Release|Any CPU
		{7EE32AFF-6DE3-402D-9828-5A90BD903214}.Debug|Any CPU.ActiveCfg = Debug|Any CPU
		{7EE32AFF-6DE3-402D-9828-5A90BD903214}.Debug|Any CPU.Build.0 = Debug|Any CPU
		{7EE32AFF-6DE3-402D-9828-5A90BD903214}.Release|Any CPU.ActiveCfg = Release|Any CPU
		{7EE32AFF-6DE3-402D-9828-5A90BD903214}.Release|Any CPU.Build.0 = Release|Any CPU
	EndGlobalSection
	GlobalSection(SolutionProperties) = preSolution
		HideSolutionNode = FALSE
	EndGlobalSection
	GlobalSection(ExtensibilityGlobals) = postSolution
		SolutionGuid = {39886F7A-DD8C-433E-AE30-F970AEEEAAAF}
	EndGlobalSection
EndGlobal
